dependencies:
- name: dex
  repository: https://charts.dexidp.io
  version: 0.19.0
- name: oauth2-proxy
  repository: https://oauth2-proxy.github.io/manifests
  version: 7.7.9
- name: httpbin
  repository: https://conservis.github.io/helm-charts
  version: 1.1.0
- name: hello-world
  repository: https://conservis.github.io/helm-charts
  version: 1.1.0
digest: sha256:da722e9befa3371a25f127a4649352fab3f8d7ede2212348ab875acccf60f301
generated: "2024-08-04T16:42:04.556161474Z"
